
Microsoft Visual Studio Solution File, Format Version 12.00
# Visual Studio Version 16
VisualStudioVersion = 16.0.29926.136
MinimumVisualStudioVersion = 10.0.40219.1
Project("{FAE04EC0-301F-11D3-BF4B-00C04F79EFBC}") = "Azure.AD.WebApi", "Azure.AD.WebApi\Azure.AD.WebApi.csproj", "{0F2C469D-022B-48B0-AB45-E776BB4BC4F8}"
EndProject
Global
	GlobalSection(SolutionConfigurationPlatforms) = preSolution
		Debug|Any CPU = Debug|Any CPU
		Release|Any CPU = Release|Any CPU
	EndGlobalSection
	GlobalSection(ProjectConfigurationPlatforms) = postSolution
		{0F2C469D-022B-48B0-AB45-E776BB4BC4F8}.Debug|Any CPU.ActiveCfg = Debug|Any CPU
		{0F2C469D-022B-48B0-AB45-E776BB4BC4F8}.Debug|Any CPU.Build.0 = Debug|Any CPU
		{0F2C469D-022B-48B0-AB45-E776BB4BC4F8}.Release|Any CPU.ActiveCfg = Release|Any CPU
		{0F2C469D-022B-48B0-AB45-E776BB4BC4F8}.Release|Any CPU.Build.0 = Release|Any CPU
	EndGlobalSection
	GlobalSection(SolutionProperties) = preSolution
		HideSolutionNode = FALSE
	EndGlobalSection
	GlobalSection(ExtensibilityGlobals) = postSolution
		SolutionGuid = {F2129207-2E2E-4F1E-AA00-FD2B4DEEECCE}
	EndGlobalSection
EndGlobal
